
Microsoft Visual Studio Solution File, Format Version 12.00
# Visual Studio 15
VisualStudioVersion = 15.0.27703.2000
MinimumVisualStudioVersion = 10.0.40219.1
Project("{FAE04EC0-301F-11D3-BF4B-00C04F79EFBC}") = "ProyectoIIILenguajes", "ProyectoIIILenguajes\ProyectoIIILenguajes.csproj", "{8963D775-3D55-449E-9132-5FB23CCFCB1E}"
EndProject
Project("{FAE04EC0-301F-11D3-BF4B-00C04F79EFBC}") = "Data", "Data\Data.csproj", "{73E39073-DACC-4A40-83F8-30AD8C9D1DAC}"
EndProject
Project("{FAE04EC0-301F-11D3-BF4B-00C04F79EFBC}") = "Business", "Business\Business.csproj", "{6FED5175-DC4F-4B40-91E7-B57A8BC5D965}"
EndProject
Project("{FAE04EC0-301F-11D3-BF4B-00C04F79EFBC}") = "Domain", "Domain\Domain.csproj", "{13E9E5B8-7418-4DC2-9FBF-E4BCC846D3BC}"
EndProject
Project("{FAE04EC0-301F-11D3-BF4B-00C04F79EFBC}") = "Utilities", "Utilities\Utilities.csproj", "{49869174-CC6B-4572-9BC6-13AD1301BF7B}"
EndProject
Global
	GlobalSection(SolutionConfigurationPlatforms) = preSolution
		Debug|Any CPU = Debug|Any CPU
		Release|Any CPU = Release|Any CPU
	EndGlobalSection
	GlobalSection(ProjectConfigurationPlatforms) = postSolution
		{8963D775-3D55-449E-9132-5FB23CCFCB1E}.Debug|Any CPU.ActiveCfg = Debug|Any CPU
		{8963D775-3D55-449E-9132-5FB23CCFCB1E}.Debug|Any CPU.Build.0 = Debug|Any CPU
		{8963D775-3D55-449E-9132-5FB23CCFCB1E}.Release|Any CPU.ActiveCfg = Release|Any CPU
		{8963D775-3D55-449E-9132-5FB23CCFCB1E}.Release|Any CPU.Build.0 = Release|Any CPU
		{73E39073-DACC-4A40-83F8-30AD8C9D1DAC}.Debug|Any CPU.ActiveCfg = Debug|Any CPU
		{73E39073-DACC-4A40-83F8-30AD8C9D1DAC}.Debug|Any CPU.Build.0 = Debug|Any CPU
		{73E39073-DACC-4A40-83F8-30AD8C9D1DAC}.Release|Any CPU.ActiveCfg = Release|Any CPU
		{73E39073-DACC-4A40-83F8-30AD8C9D1DAC}.Release|Any CPU.Build.0 = Release|Any CPU
		{6FED5175-DC4F-4B40-91E7-B57A8BC5D965}.Debug|Any CPU.ActiveCfg = Debug|Any CPU
		{6FED5175-DC4F-4B40-91E7-B57A8BC5D965}.Debug|Any CPU.Build.0 = Debug|Any CPU
		{6FED5175-DC4F-4B40-91E7-B57A8BC5D965}.Release|Any CPU.ActiveCfg = Release|Any CPU
		{6FED5175-DC4F-4B40-91E7-B57A8BC5D965}.Release|Any CPU.Build.0 = Release|Any CPU
		{13E9E5B8-7418-4DC2-9FBF-E4BCC846D3BC}.Debug|Any CPU.ActiveCfg = Debug|Any CPU
		{13E9E5B8-7418-4DC2-9FBF-E4BCC846D3BC}.Debug|Any CPU.Build.0 = Debug|Any CPU
		{13E9E5B8-7418-4DC2-9FBF-E4BCC846D3BC}.Release|Any CPU.ActiveCfg = Release|Any CPU
		{13E9E5B8-7418-4DC2-9FBF-E4BCC846D3BC}.Release|Any CPU.Build.0 = Release|Any CPU
		{49869174-CC6B-4572-9BC6-13AD1301BF7B}.Debug|Any CPU.ActiveCfg = Debug|Any CPU
		{49869174-CC6B-4572-9BC6-13AD1301BF7B}.Debug|Any CPU.Build.0 = Debug|Any CPU
		{49869174-CC6B-4572-9BC6-13AD1301BF7B}.Release|Any CPU.ActiveCfg = Release|Any CPU
		{49869174-CC6B-4572-9BC6-13AD1301BF7B}.Release|Any CPU.Build.0 = Release|Any CPU
	EndGlobalSection
	GlobalSection(SolutionProperties) = preSolution
		HideSolutionNode = FALSE
	EndGlobalSection
	GlobalSection(ExtensibilityGlobals) = postSolution
		SolutionGuid = {2CF9BB7B-3547-48CA-AA44-01DD0FB1F9CE}
	EndGlobalSection
EndGlobal
